Microsoft Visual Studio Solution File, Format Version 11.00
# Visual Studio 2008

Project("{4B4FD0F8-A03F-327D-84E8-7FE4FE21960B}") = "Unity3DCharacterCustomization", "Assembly-CSharp-firstpass-vs.csproj", "{2C0E1247-BF70-6597-D479-EC4905F0DDA2}"
EndProject
Project("{4B4FD0F8-A03F-327D-84E8-7FE4FE21960B}") = "Unity3DCharacterCustomization", "Assembly-CSharp-vs.csproj", "{F5CFAEBB-000B-0A39-F785-18B7919AB39A}"
EndProject
Project("{4B4FD0F8-A03F-327D-84E8-7FE4FE21960B}") = "Unity3DCharacterCustomization", "Assembly-CSharp-Editor-firstpass-vs.csproj", "{4A50255F-DB91-7A61-8BBC-A1B549D569CB}"
EndProject
Global
	GlobalSection(SolutionConfigurationPlatforms) = preSolution
		Debug|Any CPU = Debug|Any CPU
		Release|Any CPU = Release|Any CPU
	EndGlobalSection
	GlobalSection(ProjectConfigurationPlatforms) = postSolution
		{2C0E1247-BF70-6597-D479-EC4905F0DDA2}.Debug|Any CPU.ActiveCfg = Debug|Any CPU
		{2C0E1247-BF70-6597-D479-EC4905F0DDA2}.Debug|Any CPU.Build.0 = Debug|Any CPU
		{2C0E1247-BF70-6597-D479-EC4905F0DDA2}.Release|Any CPU.ActiveCfg = Release|Any CPU
		{2C0E1247-BF70-6597-D479-EC4905F0DDA2}.Release|Any CPU.Build.0 = Release|Any CPU
		{F5CFAEBB-000B-0A39-F785-18B7919AB39A}.Debug|Any CPU.ActiveCfg = Debug|Any CPU
		{F5CFAEBB-000B-0A39-F785-18B7919AB39A}.Debug|Any CPU.Build.0 = Debug|Any CPU
		{F5CFAEBB-000B-0A39-F785-18B7919AB39A}.Release|Any CPU.ActiveCfg = Release|Any CPU
		{F5CFAEBB-000B-0A39-F785-18B7919AB39A}.Release|Any CPU.Build.0 = Release|Any CPU
		{4A50255F-DB91-7A61-8BBC-A1B549D569CB}.Debug|Any CPU.ActiveCfg = Debug|Any CPU
		{4A50255F-DB91-7A61-8BBC-A1B549D569CB}.Debug|Any CPU.Build.0 = Debug|Any CPU
		{4A50255F-DB91-7A61-8BBC-A1B549D569CB}.Release|Any CPU.ActiveCfg = Release|Any CPU
		{4A50255F-DB91-7A61-8BBC-A1B549D569CB}.Release|Any CPU.Build.0 = Release|Any CPU
	EndGlobalSection
	GlobalSection(SolutionProperties) = preSolution
		HideSolutionNode = FALSE
	EndGlobalSection
							GlobalSection(MonoDevelopProperties) = preSolution
		StartupItem = Assembly-CSharp.csproj
		Policies = $0
		$0.TextStylePolicy = $1
		$1.inheritsSet = null
		$1.scope = text/x-csharp
		$0.CSharpFormattingPolicy = $2
		$2.inheritsSet = Mono
		$2.inheritsScope = text/x-csharp
		$2.scope = text/x-csharp
		$0.TextStylePolicy = $3
		$3.FileWidth = 120
		$3.TabWidth = 4
		$3.EolMarker = Unix
		$3.inheritsSet = Mono
		$3.inheritsScope = text/plain
		$3.scope = text/plain
	EndGlobalSection

EndGlobal
